
Microsoft Visual Studio Solution File, Format Version 12.00
# Visual Studio Version 17
VisualStudioVersion = 17.0.32014.148
MinimumVisualStudioVersion = 10.0.40219.1
Project("{9A19103F-16F7-4668-BE54-9A1E7A4F7556}") = "App", "App\App.csproj", "{C9217CDE-C153-46CC-9ABB-56738BCE7090}"
EndProject
Project("{2150E333-8FDC-42A3-9474-1A3956D46DE8}") = "Shared", "Shared", "{EC5FA6BB-399A-4CBA-9212-894FEBF511A7}"
EndProject
Project("{9A19103F-16F7-4668-BE54-9A1E7A4F7556}") = "App.Shared.Data", "App.Data\App.Shared.Data.csproj", "{F2DA4310-9CA5-4DAA-AEF2-94E61CE0D464}"
EndProject
Project("{9A19103F-16F7-4668-BE54-9A1E7A4F7556}") = "App.Shared.Entities", "App.Entities\App.Shared.Entities.csproj", "{81DF4963-CA96-4EAF-B397-4A5E2A67AF24}"
EndProject
Project("{2150E333-8FDC-42A3-9474-1A3956D46DE8}") = "Modules", "Modules", "{834F9519-3D15-4C77-9442-B892E42A8685}"
EndProject
Project("{2150E333-8FDC-42A3-9474-1A3956D46DE8}") = "Catalog", "Catalog", "{239DF301-9378-4048-AA93-53C5D9ED2D22}"
EndProject
Project("{2150E333-8FDC-42A3-9474-1A3956D46DE8}") = "Orders", "Orders", "{B4D77C85-BF88-4926-B1C7-72B06958CA6A}"
EndProject
Project("{9A19103F-16F7-4668-BE54-9A1E7A4F7556}") = "Modules.Catalog.Data", "Modules\Catalog\Modules.Catalog.Data\Modules.Catalog.Data.csproj", "{BE354502-ECA6-4C67-A6BF-0A143B4347C4}"
EndProject
Project("{9A19103F-16F7-4668-BE54-9A1E7A4F7556}") = "Modules.Catalog.Entities", "Modules\Catalog\Modules.Catalog.Entities\Modules.Catalog.Entities.csproj", "{B647AC28-1844-46C8-95F6-EF006A024A9B}"
EndProject
Project("{9A19103F-16F7-4668-BE54-9A1E7A4F7556}") = "Modules.Catalog.Services", "Modules\Catalog\Modules.Catalog.Services\Modules.Catalog.Services.csproj", "{9A873957-16AA-4E17-B326-DAD278E23408}"
EndProject
Project("{9A19103F-16F7-4668-BE54-9A1E7A4F7556}") = "Modules.Orders.Data", "Modules\Orders\Modules.Orders.Data\Modules.Orders.Data.csproj", "{945A64B0-65AB-4B99-91CA-0DEDE49EB743}"
EndProject
Project("{9A19103F-16F7-4668-BE54-9A1E7A4F7556}") = "Modules.Orders.Entities", "Modules\Orders\Modules.Orders.Entities\Modules.Orders.Entities.csproj", "{88B03F91-22BB-417B-B261-7E6DA1956D27}"
EndProject
Project("{9A19103F-16F7-4668-BE54-9A1E7A4F7556}") = "Modules.Orders.Services", "Modules\Orders\Modules.Orders.Services\Modules.Orders.Services.csproj", "{7AEDAF84-ED11-4D17-86C0-DDEB854F29F9}"
EndProject
Project("{9A19103F-16F7-4668-BE54-9A1E7A4F7556}") = "Modules.Shipping.Data", "Modules\Shipping\Modules.Shipping.Data\Modules.Shipping.Data.csproj", "{A4FDD2BE-9064-4C80-B30B-D6B23A5B695A}"
EndProject
Project("{9A19103F-16F7-4668-BE54-9A1E7A4F7556}") = "Modules.Shipping.Entities", "Modules\Shipping\Modules.Shipping.Entities\Modules.Shipping.Entities.csproj", "{02342FAE-50A8-4D76-9437-EDE97FF32285}"
EndProject
Project("{9A19103F-16F7-4668-BE54-9A1E7A4F7556}") = "Modules.Shipping.Services", "Modules\Shipping\Modules.Shipping.Services\Modules.Shipping.Services.csproj", "{54B8C01C-5636-4E46-AD65-F994A65C8002}"
EndProject
Project("{9A19103F-16F7-4668-BE54-9A1E7A4F7556}") = "App.Shared.Services", "App.Services\App.Shared.Services.csproj", "{CD21413E-BB00-45F3-A485-D149B9EE9B86}"
EndProject
Project("{2150E333-8FDC-42A3-9474-1A3956D46DE8}") = "Shipping", "Shipping", "{794C0ED0-DBE8-4E12-A506-A440FE8ADA4F}"
EndProject
Project("{2150E333-8FDC-42A3-9474-1A3956D46DE8}") = "Accounting", "Accounting", "{31B262F7-1716-4990-9450-BBF66823FF98}"
EndProject
Project("{FAE04EC0-301F-11D3-BF4B-00C04F79EFBC}") = "Modules.Accounting.Data", "Modules.Shipping.Data\Modules.Accounting.Data.csproj", "{1720B664-7A61-4B50-9F5B-C92A7AA7ACE2}"
EndProject
Project("{FAE04EC0-301F-11D3-BF4B-00C04F79EFBC}") = "Modules.Accounting.Entities", "Modules.Shipping.Entities\Modules.Accounting.Entities.csproj", "{5F98B76A-194E-4C56-86FE-C3930D16EBE1}"
EndProject
Project("{FAE04EC0-301F-11D3-BF4B-00C04F79EFBC}") = "Modules.Accounting.Services", "Modules.Shipping.Services\Modules.Accounting.Services.csproj", "{B873ECBA-915F-4FA2-AEA1-EE03CE0FE3E4}"
EndProject
Project("{FAE04EC0-301F-11D3-BF4B-00C04F79EFBC}") = "Modules.Accounting.Tests", "Modules.Accounting.Tests\Modules.Accounting.Tests.csproj", "{C08FB171-0839-4246-A405-EA45DE2A9C15}"
EndProject
Global
	GlobalSection(SolutionConfigurationPlatforms) = preSolution
		Debug|Any CPU = Debug|Any CPU
		Release|Any CPU = Release|Any CPU
	EndGlobalSection
	GlobalSection(ProjectConfigurationPlatforms) = postSolution
		{C9217CDE-C153-46CC-9ABB-56738BCE7090}.Debug|Any CPU.ActiveCfg = Debug|Any CPU
		{C9217CDE-C153-46CC-9ABB-56738BCE7090}.Debug|Any CPU.Build.0 = Debug|Any CPU
		{C9217CDE-C153-46CC-9ABB-56738BCE7090}.Release|Any CPU.ActiveCfg = Release|Any CPU
		{C9217CDE-C153-46CC-9ABB-56738BCE7090}.Release|Any CPU.Build.0 = Release|Any CPU
		{F2DA4310-9CA5-4DAA-AEF2-94E61CE0D464}.Debug|Any CPU.ActiveCfg = Debug|Any CPU
		{F2DA4310-9CA5-4DAA-AEF2-94E61CE0D464}.Debug|Any CPU.Build.0 = Debug|Any CPU
		{F2DA4310-9CA5-4DAA-AEF2-94E61CE0D464}.Release|Any CPU.ActiveCfg = Release|Any CPU
		{F2DA4310-9CA5-4DAA-AEF2-94E61CE0D464}.Release|Any CPU.Build.0 = Release|Any CPU
		{81DF4963-CA96-4EAF-B397-4A5E2A67AF24}.Debug|Any CPU.ActiveCfg = Debug|Any CPU
		{81DF4963-CA96-4EAF-B397-4A5E2A67AF24}.Debug|Any CPU.Build.0 = Debug|Any CPU
		{81DF4963-CA96-4EAF-B397-4A5E2A67AF24}.Release|Any CPU.ActiveCfg = Release|Any CPU
		{81DF4963-CA96-4EAF-B397-4A5E2A67AF24}.Release|Any CPU.Build.0 = Release|Any CPU
		{BE354502-ECA6-4C67-A6BF-0A143B4347C4}.Debug|Any CPU.ActiveCfg = Debug|Any CPU
		{BE354502-ECA6-4C67-A6BF-0A143B4347C4}.Debug|Any CPU.Build.0 = Debug|Any CPU
		{BE354502-ECA6-4C67-A6BF-0A143B4347C4}.Release|Any CPU.ActiveCfg = Release|Any CPU
		{BE354502-ECA6-4C67-A6BF-0A143B4347C4}.Release|Any CPU.Build.0 = Release|Any CPU
		{B647AC28-1844-46C8-95F6-EF006A024A9B}.Debug|Any CPU.ActiveCfg = Debug|Any CPU
		{B647AC28-1844-46C8-95F6-EF006A024A9B}.Debug|Any CPU.Build.0 = Debug|Any CPU
		{B647AC28-1844-46C8-95F6-EF006A024A9B}.Release|Any CPU.ActiveCfg = Release|Any CPU
		{B647AC28-1844-46C8-95F6-EF006A024A9B}.Release|Any CPU.Build.0 = Release|Any CPU
		{9A873957-16AA-4E17-B326-DAD278E23408}.Debug|Any CPU.ActiveCfg = Debug|Any CPU
		{9A873957-16AA-4E17-B326-DAD278E23408}.Debug|Any CPU.Build.0 = Debug|Any CPU
		{9A873957-16AA-4E17-B326-DAD278E23408}.Release|Any CPU.ActiveCfg = Release|Any CPU
		{9A873957-16AA-4E17-B326-DAD278E23408}.Release|Any CPU.Build.0 = Release|Any CPU
		{945A64B0-65AB-4B99-91CA-0DEDE49EB743}.Debug|Any CPU.ActiveCfg = Debug|Any CPU
		{945A64B0-65AB-4B99-91CA-0DEDE49EB743}.Debug|Any CPU.Build.0 = Debug|Any CPU
		{945A64B0-65AB-4B99-91CA-0DEDE49EB743}.Release|Any CPU.ActiveCfg = Release|Any CPU
		{945A64B0-65AB-4B99-91CA-0DEDE49EB743}.Release|Any CPU.Build.0 = Release|Any CPU
		{88B03F91-22BB-417B-B261-7E6DA1956D27}.Debug|Any CPU.ActiveCfg = Debug|Any CPU
		{88B03F91-22BB-417B-B261-7E6DA1956D27}.Debug|Any CPU.Build.0 = Debug|Any CPU
		{88B03F91-22BB-417B-B261-7E6DA1956D27}.Release|Any CPU.ActiveCfg = Release|Any CPU
		{88B03F91-22BB-417B-B261-7E6DA1956D27}.Release|Any CPU.Build.0 = Release|Any CPU
		{7AEDAF84-ED11-4D17-86C0-DDEB854F29F9}.Debug|Any CPU.ActiveCfg = Debug|Any CPU
		{7AEDAF84-ED11-4D17-86C0-DDEB854F29F9}.Debug|Any CPU.Build.0 = Debug|Any CPU
		{7AEDAF84-ED11-4D17-86C0-DDEB854F29F9}.Release|Any CPU.ActiveCfg = Release|Any CPU
		{7AEDAF84-ED11-4D17-86C0-DDEB854F29F9}.Release|Any CPU.Build.0 = Release|Any CPU
		{A4FDD2BE-9064-4C80-B30B-D6B23A5B695A}.Debug|Any CPU.ActiveCfg = Debug|Any CPU
		{A4FDD2BE-9064-4C80-B30B-D6B23A5B695A}.Debug|Any CPU.Build.0 = Debug|Any CPU
		{A4FDD2BE-9064-4C80-B30B-D6B23A5B695A}.Release|Any CPU.ActiveCfg = Release|Any CPU
		{A4FDD2BE-9064-4C80-B30B-D6B23A5B695A}.Release|Any CPU.Build.0 = Release|Any CPU
		{02342FAE-50A8-4D76-9437-EDE97FF32285}.Debug|Any CPU.ActiveCfg = Debug|Any CPU
		{02342FAE-50A8-4D76-9437-EDE97FF32285}.Debug|Any CPU.Build.0 = Debug|Any CPU
		{02342FAE-50A8-4D76-9437-EDE97FF32285}.Release|Any CPU.ActiveCfg = Release|Any CPU
		{02342FAE-50A8-4D76-9437-EDE97FF32285}.Release|Any CPU.Build.0 = Release|Any CPU
		{54B8C01C-5636-4E46-AD65-F994A65C8002}.Debug|Any CPU.ActiveCfg = Debug|Any CPU
		{54B8C01C-5636-4E46-AD65-F994A65C8002}.Debug|Any CPU.Build.0 = Debug|Any CPU
		{54B8C01C-5636-4E46-AD65-F994A65C8002}.Release|Any CPU.ActiveCfg = Release|Any CPU
		{54B8C01C-5636-4E46-AD65-F994A65C8002}.Release|Any CPU.Build.0 = Release|Any CPU
		{CD21413E-BB00-45F3-A485-D149B9EE9B86}.Debug|Any CPU.ActiveCfg = Debug|Any CPU
		{CD21413E-BB00-45F3-A485-D149B9EE9B86}.Debug|Any CPU.Build.0 = Debug|Any CPU
		{CD21413E-BB00-45F3-A485-D149B9EE9B86}.Release|Any CPU.ActiveCfg = Release|Any CPU
		{CD21413E-BB00-45F3-A485-D149B9EE9B86}.Release|Any CPU.Build.0 = Release|Any CPU
		{1720B664-7A61-4B50-9F5B-C92A7AA7ACE2}.Debug|Any CPU.ActiveCfg = Debug|Any CPU
		{1720B664-7A61-4B50-9F5B-C92A7AA7ACE2}.Debug|Any CPU.Build.0 = Debug|Any CPU
		{1720B664-7A61-4B50-9F5B-C92A7AA7ACE2}.Release|Any CPU.ActiveCfg = Release|Any CPU
		{1720B664-7A61-4B50-9F5B-C92A7AA7ACE2}.Release|Any CPU.Build.0 = Release|Any CPU
		{5F98B76A-194E-4C56-86FE-C3930D16EBE1}.Debug|Any CPU.ActiveCfg = Debug|Any CPU
		{5F98B76A-194E-4C56-86FE-C3930D16EBE1}.Debug|Any CPU.Build.0 = Debug|Any CPU
		{5F98B76A-194E-4C56-86FE-C3930D16EBE1}.Release|Any CPU.ActiveCfg = Release|Any CPU
		{5F98B76A-194E-4C56-86FE-C3930D16EBE1}.Release|Any CPU.Build.0 = Release|Any CPU
		{B873ECBA-915F-4FA2-AEA1-EE03CE0FE3E4}.Debug|Any CPU.ActiveCfg = Debug|Any CPU
		{B873ECBA-915F-4FA2-AEA1-EE03CE0FE3E4}.Debug|Any CPU.Build.0 = Debug|Any CPU
		{B873ECBA-915F-4FA2-AEA1-EE03CE0FE3E4}.Release|Any CPU.ActiveCfg = Release|Any CPU
		{B873ECBA-915F-4FA2-AEA1-EE03CE0FE3E4}.Release|Any CPU.Build.0 = Release|Any CPU
		{C08FB171-0839-4246-A405-EA45DE2A9C15}.Debug|Any CPU.ActiveCfg = Debug|Any CPU
		{C08FB171-0839-4246-A405-EA45DE2A9C15}.Debug|Any CPU.Build.0 = Debug|Any CPU
		{C08FB171-0839-4246-A405-EA45DE2A9C15}.Release|Any CPU.ActiveCfg = Release|Any CPU
		{C08FB171-0839-4246-A405-EA45DE2A9C15}.Release|Any CPU.Build.0 = Release|Any CPU
	EndGlobalSection
	GlobalSection(SolutionProperties) = preSolution
		HideSolutionNode = FALSE
	EndGlobalSection
	GlobalSection(NestedProjects) = preSolution
		{F2DA4310-9CA5-4DAA-AEF2-94E61CE0D464} = {EC5FA6BB-399A-4CBA-9212-894FEBF511A7}
		{81DF4963-CA96-4EAF-B397-4A5E2A67AF24} = {EC5FA6BB-399A-4CBA-9212-894FEBF511A7}
		{239DF301-9378-4048-AA93-53C5D9ED2D22} = {834F9519-3D15-4C77-9442-B892E42A8685}
		{B4D77C85-BF88-4926-B1C7-72B06958CA6A} = {834F9519-3D15-4C77-9442-B892E42A8685}
		{BE354502-ECA6-4C67-A6BF-0A143B4347C4} = {239DF301-9378-4048-AA93-53C5D9ED2D22}
		{B647AC28-1844-46C8-95F6-EF006A024A9B} = {239DF301-9378-4048-AA93-53C5D9ED2D22}
		{9A873957-16AA-4E17-B326-DAD278E23408} = {239DF301-9378-4048-AA93-53C5D9ED2D22}
		{945A64B0-65AB-4B99-91CA-0DEDE49EB743} = {B4D77C85-BF88-4926-B1C7-72B06958CA6A}
		{88B03F91-22BB-417B-B261-7E6DA1956D27} = {B4D77C85-BF88-4926-B1C7-72B06958CA6A}
		{7AEDAF84-ED11-4D17-86C0-DDEB854F29F9} = {B4D77C85-BF88-4926-B1C7-72B06958CA6A}
		{A4FDD2BE-9064-4C80-B30B-D6B23A5B695A} = {794C0ED0-DBE8-4E12-A506-A440FE8ADA4F}
		{02342FAE-50A8-4D76-9437-EDE97FF32285} = {794C0ED0-DBE8-4E12-A506-A440FE8ADA4F}
		{54B8C01C-5636-4E46-AD65-F994A65C8002} = {794C0ED0-DBE8-4E12-A506-A440FE8ADA4F}
		{CD21413E-BB00-45F3-A485-D149B9EE9B86} = {EC5FA6BB-399A-4CBA-9212-894FEBF511A7}
		{794C0ED0-DBE8-4E12-A506-A440FE8ADA4F} = {834F9519-3D15-4C77-9442-B892E42A8685}
		{31B262F7-1716-4990-9450-BBF66823FF98} = {834F9519-3D15-4C77-9442-B892E42A8685}
		{1720B664-7A61-4B50-9F5B-C92A7AA7ACE2} = {31B262F7-1716-4990-9450-BBF66823FF98}
		{5F98B76A-194E-4C56-86FE-C3930D16EBE1} = {31B262F7-1716-4990-9450-BBF66823FF98}
		{B873ECBA-915F-4FA2-AEA1-EE03CE0FE3E4} = {31B262F7-1716-4990-9450-BBF66823FF98}
	EndGlobalSection
	GlobalSection(ExtensibilityGlobals) = postSolution
		SolutionGuid = {C0CBD37D-C481-4A4C-A0F4-D2B2469D309A}
	EndGlobalSection
EndGlobal
